
Microsoft Visual Studio Solution File, Format Version 12.00
# Visual Studio Version 17
VisualStudioVersion = 17.9.34728.123
MinimumVisualStudioVersion = 10.0.40219.1
Project("{2150E333-8FDC-42A3-9474-1A3956D46DE8}") = "Services", "Services", "{9639D736-DA44-4876-A320-84F64159EA02}"
EndProject
Project("{2150E333-8FDC-42A3-9474-1A3956D46DE8}") = "BuildingBlocks", "BuildingBlocks", "{A316B7F8-CE85-436E-8929-F41B7F669A4E}"
EndProject
Project("{9A19103F-16F7-4668-BE54-9A1E7A4F7556}") = "BuildingBlocks", "BuildingBlocks\BuildingBlocks\BuildingBlocks.csproj", "{BD111433-47B3-4524-9563-5F3C90BF19AB}"
EndProject
Project("{9A19103F-16F7-4668-BE54-9A1E7A4F7556}") = "Identity.API", "Services\Identity\Cubico.Identity\Identity.API.csproj", "{96C13704-04FA-4A7A-A67F-D1BF6D05D81A}"
EndProject
Project("{2150E333-8FDC-42A3-9474-1A3956D46DE8}") = "Identity", "Identity", "{2172E9AD-1FCD-4992-9FD3-38E79809A018}"
EndProject
Project("{2150E333-8FDC-42A3-9474-1A3956D46DE8}") = "RealEstate", "RealEstate", "{95F61D87-7B6A-4E82-B754-DE739099B938}"
EndProject
Project("{FAE04EC0-301F-11D3-BF4B-00C04F79EFBC}") = "RealEstate.API", "Services\RealEstate\RealEstate.API\RealEstate.API.csproj", "{537DC6D0-6E3D-4BCA-8C53-F8596395A7A0}"
EndProject
Project("{FAE04EC0-301F-11D3-BF4B-00C04F79EFBC}") = "RealEstate.Domain", "Services\RealEstate\RealEstate.Domain\RealEstate.Domain.csproj", "{8A48BBD7-9163-4FFC-9BCC-D7B5EE6336BA}"
EndProject
Project("{FAE04EC0-301F-11D3-BF4B-00C04F79EFBC}") = "RealEstate.Infrastructure", "Services\RealEstate\RealEstate.Infrastructure\RealEstate.Infrastructure.csproj", "{6900FF82-7C17-4F7F-98E7-444589149DD0}"
EndProject
Project("{FAE04EC0-301F-11D3-BF4B-00C04F79EFBC}") = "RealEstate.Application", "Services\RealEstate\RealEstate.Application\RealEstate.Application.csproj", "{37D5B5A0-A092-4596-BB13-AAB61D2CE28C}"
EndProject
Project("{FAE04EC0-301F-11D3-BF4B-00C04F79EFBC}") = "BuildingBlocks.Messaging", "BuildingBlocks\BuildingBlocks.Messaging\BuildingBlocks.Messaging.csproj", "{CDBE665E-1AD0-4D97-B565-F30BCC91CE05}"
EndProject
Global
	GlobalSection(SolutionConfigurationPlatforms) = preSolution
		Debug|Any CPU = Debug|Any CPU
		Release|Any CPU = Release|Any CPU
	EndGlobalSection
	GlobalSection(ProjectConfigurationPlatforms) = postSolution
		{BD111433-47B3-4524-9563-5F3C90BF19AB}.Debug|Any CPU.ActiveCfg = Debug|Any CPU
		{BD111433-47B3-4524-9563-5F3C90BF19AB}.Debug|Any CPU.Build.0 = Debug|Any CPU
		{BD111433-47B3-4524-9563-5F3C90BF19AB}.Release|Any CPU.ActiveCfg = Release|Any CPU
		{BD111433-47B3-4524-9563-5F3C90BF19AB}.Release|Any CPU.Build.0 = Release|Any CPU
		{96C13704-04FA-4A7A-A67F-D1BF6D05D81A}.Debug|Any CPU.ActiveCfg = Debug|Any CPU
		{96C13704-04FA-4A7A-A67F-D1BF6D05D81A}.Debug|Any CPU.Build.0 = Debug|Any CPU
		{96C13704-04FA-4A7A-A67F-D1BF6D05D81A}.Release|Any CPU.ActiveCfg = Release|Any CPU
		{96C13704-04FA-4A7A-A67F-D1BF6D05D81A}.Release|Any CPU.Build.0 = Release|Any CPU
		{537DC6D0-6E3D-4BCA-8C53-F8596395A7A0}.Debug|Any CPU.ActiveCfg = Debug|Any CPU
		{537DC6D0-6E3D-4BCA-8C53-F8596395A7A0}.Debug|Any CPU.Build.0 = Debug|Any CPU
		{537DC6D0-6E3D-4BCA-8C53-F8596395A7A0}.Release|Any CPU.ActiveCfg = Release|Any CPU
		{537DC6D0-6E3D-4BCA-8C53-F8596395A7A0}.Release|Any CPU.Build.0 = Release|Any CPU
		{8A48BBD7-9163-4FFC-9BCC-D7B5EE6336BA}.Debug|Any CPU.ActiveCfg = Debug|Any CPU
		{8A48BBD7-9163-4FFC-9BCC-D7B5EE6336BA}.Debug|Any CPU.Build.0 = Debug|Any CPU
		{8A48BBD7-9163-4FFC-9BCC-D7B5EE6336BA}.Release|Any CPU.ActiveCfg = Release|Any CPU
		{8A48BBD7-9163-4FFC-9BCC-D7B5EE6336BA}.Release|Any CPU.Build.0 = Release|Any CPU
		{6900FF82-7C17-4F7F-98E7-444589149DD0}.Debug|Any CPU.ActiveCfg = Debug|Any CPU
		{6900FF82-7C17-4F7F-98E7-444589149DD0}.Debug|Any CPU.Build.0 = Debug|Any CPU
		{6900FF82-7C17-4F7F-98E7-444589149DD0}.Release|Any CPU.ActiveCfg = Release|Any CPU
		{6900FF82-7C17-4F7F-98E7-444589149DD0}.Release|Any CPU.Build.0 = Release|Any CPU
		{37D5B5A0-A092-4596-BB13-AAB61D2CE28C}.Debug|Any CPU.ActiveCfg = Debug|Any CPU
		{37D5B5A0-A092-4596-BB13-AAB61D2CE28C}.Debug|Any CPU.Build.0 = Debug|Any CPU
		{37D5B5A0-A092-4596-BB13-AAB61D2CE28C}.Release|Any CPU.ActiveCfg = Release|Any CPU
		{37D5B5A0-A092-4596-BB13-AAB61D2CE28C}.Release|Any CPU.Build.0 = Release|Any CPU
		{CDBE665E-1AD0-4D97-B565-F30BCC91CE05}.Debug|Any CPU.ActiveCfg = Debug|Any CPU
		{CDBE665E-1AD0-4D97-B565-F30BCC91CE05}.Debug|Any CPU.Build.0 = Debug|Any CPU
		{CDBE665E-1AD0-4D97-B565-F30BCC91CE05}.Release|Any CPU.ActiveCfg = Release|Any CPU
		{CDBE665E-1AD0-4D97-B565-F30BCC91CE05}.Release|Any CPU.Build.0 = Release|Any CPU
	EndGlobalSection
	GlobalSection(SolutionProperties) = preSolution
		HideSolutionNode = FALSE
	EndGlobalSection
	GlobalSection(NestedProjects) = preSolution
		{BD111433-47B3-4524-9563-5F3C90BF19AB} = {A316B7F8-CE85-436E-8929-F41B7F669A4E}
		{96C13704-04FA-4A7A-A67F-D1BF6D05D81A} = {2172E9AD-1FCD-4992-9FD3-38E79809A018}
		{2172E9AD-1FCD-4992-9FD3-38E79809A018} = {9639D736-DA44-4876-A320-84F64159EA02}
		{95F61D87-7B6A-4E82-B754-DE739099B938} = {9639D736-DA44-4876-A320-84F64159EA02}
		{537DC6D0-6E3D-4BCA-8C53-F8596395A7A0} = {95F61D87-7B6A-4E82-B754-DE739099B938}
		{8A48BBD7-9163-4FFC-9BCC-D7B5EE6336BA} = {95F61D87-7B6A-4E82-B754-DE739099B938}
		{6900FF82-7C17-4F7F-98E7-444589149DD0} = {95F61D87-7B6A-4E82-B754-DE739099B938}
		{37D5B5A0-A092-4596-BB13-AAB61D2CE28C} = {95F61D87-7B6A-4E82-B754-DE739099B938}
		{CDBE665E-1AD0-4D97-B565-F30BCC91CE05} = {A316B7F8-CE85-436E-8929-F41B7F669A4E}
	EndGlobalSection
	GlobalSection(ExtensibilityGlobals) = postSolution
		SolutionGuid = {0C98348E-A66E-4AA7-9D7C-103300F34453}
	EndGlobalSection
EndGlobal
